// !$*UTF8*$!
{
	archiveVersion = 1;
	classes = {
	};
	objectVersion = 55;
	objects = {

/* Begin PBXBuildFile section */
		A21EB1A42A32FE3900E449A1 /* AppDelegate.swift in Sources */ = {isa = PBXBuildFile; fileRef = A21EB1A32A32FE3900E449A1 /* AppDelegate.swift */; };
		A21EB1A62A32FE3900E449A1 /* SceneDelegate.swift in Sources */ = {isa = PBXBuildFile; fileRef = A21EB1A52A32FE3900E449A1 /* SceneDelegate.swift */; };
		A21EB1A82A32FE3900E449A1 /* ViewController.swift in Sources */ = {isa = PBXBuildFile; fileRef = A21EB1A72A32FE3900E449A1 /* ViewController.swift */; };
		A21EB1AB2A32FE3900E449A1 /* Main.storyboard in Resources */ = {isa = PBXBuildFile; fileRef = A21EB1A92A32FE3900E449A1 /* Main.storyboard */; };
		A21EB1AD2A32FE3D00E449A1 /* Assets.xcassets in Resources */ = {isa = PBXBuildFile; fileRef = A21EB1AC2A32FE3D00E449A1 /* Assets.xcassets */; };
		A21EB1B02A32FE3D00E449A1 /* LaunchScreen.storyboard in Resources */ = {isa = PBXBuildFile; fileRef = A21EB1AE2A32FE3D00E449A1 /* LaunchScreen.storyboard */; };
		A21EB1BB2A32FE3D00E449A1 /* PracticeAppTests.swift in Sources */ = {isa = PBXBuildFile; fileRef = A21EB1BA2A32FE3D00E449A1 /* PracticeAppTests.swift */; };
		A21EB1C52A32FE3D00E449A1 /* PracticeAppUITests.swift in Sources */ = {isa = PBXBuildFile; fileRef = A21EB1C42A32FE3D00E449A1 /* PracticeAppUITests.swift */; };
		A21EB1C72A32FE3D00E449A1 /* PracticeAppUITestsLaunchTests.swift in Sources */ = {isa = PBXBuildFile; fileRef = A21EB1C62A32FE3D00E449A1 /* PracticeAppUITestsLaunchTests.swift */; };
/* End PBXBuildFile section */

/* Begin PBXContainerItemProxy section */
		A21EB1B72A32FE3D00E449A1 /* PBXContainerItemProxy */ = {
			isa = PBXContainerItemProxy;
			containerPortal = A21EB1982A32FE3900E449A1 /* Project object */;
			proxyType = 1;
			remoteGlobalIDString = A21EB19F2A32FE3900E449A1;
			remoteInfo = PracticeApp;
		};
		A21EB1C12A32FE3D00E449A1 /* PBXContainerItemProxy */ = {
			isa = PBXContainerItemProxy;
			containerPortal = A21EB1982A32FE3900E449A1 /* Project object */;
			proxyType = 1;
			remoteGlobalIDString = A21EB19F2A32FE3900E449A1;
			remoteInfo = PracticeApp;
		};
/* End PBXContainerItemProxy section */

/* Begin PBXFileReference section */
		A21EB1A02A32FE3900E449A1 /* PracticeApp.app */ = {isa = PBXFileReference; explicitFileType = wrapper.application; includeInIndex = 0; path = PracticeApp.app; sourceTree = BUILT_PRODUCTS_DIR; };
		A21EB1A32A32FE3900E449A1 /* AppDelegate.swift */ = {isa = PBXFileReference; lastKnownFileType = sourcecode.swift; path = AppDelegate.swift; sourceTree = "<group>"; };
		A21EB1A52A32FE3900E449A1 /* SceneDelegate.swift */ = {isa = PBXFileReference; lastKnownFileType = sourcecode.swift; path = SceneDelegate.swift; sourceTree = "<group>"; };
		A21EB1A72A32FE3900E449A1 /* ViewController.swift */ = {isa = PBXFileReference; lastKnownFileType = sourcecode.swift; path = ViewController.swift; sourceTree = "<group>"; };
		A21EB1AA2A32FE3900E449A1 /* Base */ = {isa = PBXFileReference; lastKnownFileType = file.storyboard; name = Base; path = Base.lproj/Main.storyboard; sourceTree = "<group>"; };
		A21EB1AC2A32FE3D00E449A1 /* Assets.xcassets */ = {isa = PBXFileReference; lastKnownFileType = folder.assetcatalog; path = Assets.xcassets; sourceTree = "<group>"; };
		A21EB1AF2A32FE3D00E449A1 /* Base */ = {isa = PBXFileReference; lastKnownFileType = file.storyboard; name = Base; path = Base.lproj/LaunchScreen.storyboard; sourceTree = "<group>"; };
		A21EB1B12A32FE3D00E449A1 /* Info.plist */ = {isa = PBXFileReference; lastKnownFileType = text.plist.xml; path = Info.plist; sourceTree = "<group>"; };
		A21EB1B62A32FE3D00E449A1 /* PracticeAppTests.xctest */ = {isa = PBXFileReference; explicitFileType = wrapper.cfbundle; includeInIndex = 0; path = PracticeAppTests.xctest; sourceTree = BUILT_PRODUCTS_DIR; };
		A21EB1BA2A32FE3D00E449A1 /* PracticeAppTests.swift */ = {isa = PBXFileReference; lastKnownFileType = sourcecode.swift; path = PracticeAppTests.swift; sourceTree = "<group>"; };
		A21EB1C02A32FE3D00E449A1 /* PracticeAppUITests.xctest */ = {isa = PBXFileReference; explicitFileType = wrapper.cfbundle; includeInIndex = 0; path = PracticeAppUITests.xctest; sourceTree = BUILT_PRODUCTS_DIR; };
		A21EB1C42A32FE3D00E449A1 /* PracticeAppUITests.swift */ = {isa = PBXFileReference; lastKnownFileType = sourcecode.swift; path = PracticeAppUITests.swift; sourceTree = "<group>"; };
		A21EB1C62A32FE3D00E449A1 /* PracticeAppUITestsLaunchTests.swift */ = {isa = PBXFileReference; lastKnownFileType = sourcecode.swift; path = PracticeAppUITestsLaunchTests.swift; sourceTree = "<group>"; };
/* End PBXFileReference section */

/* Begin PBXFrameworksBuildPhase section */
		A21EB19D2A32FE3900E449A1 /* Frameworks */ = {
			isa = PBXFrameworksBuildPhase;
			buildActionMask = 2147483647;
			files = (
			);
			runOnlyForDeploymentPostprocessing = 0;
		};
		A21EB1B32A32FE3D00E449A1 /* Frameworks */ = {
			isa = PBXFrameworksBuildPhase;
			buildActionMask = 2147483647;
			files = (
			);
			runOnlyForDeploymentPostprocessing = 0;
		};
		A21EB1BD2A32FE3D00E449A1 /* Frameworks */ = {
			isa = PBXFrameworksBuildPhase;
			buildActionMask = 2147483647;
			files = (
			);
			runOnlyForDeploymentPostprocessing = 0;
		};
/* End PBXFrameworksBuildPhase section */

/* Begin PBXGroup section */
		A21EB1972A32FE3900E449A1 = {
			isa = PBXGroup;
			children = (
				A21EB1A22A32FE3900E449A1 /* PracticeApp */,
				A21EB1B92A32FE3D00E449A1 /* PracticeAppTests */,
				A21EB1C32A32FE3D00E449A1 /* PracticeAppUITests */,
				A21EB1A12A32FE3900E449A1 /* Products */,
			);
			sourceTree = "<group>";
		};
		A21EB1A12A32FE3900E449A1 /* Products */ = {
			isa = PBXGroup;
			children = (
				A21EB1A02A32FE3900E449A1 /* PracticeApp.app */,
				A21EB1B62A32FE3D00E449A1 /* PracticeAppTests.xctest */,
				A21EB1C02A32FE3D00E449A1 /* PracticeAppUITests.xctest */,
			);
			name = Products;
			sourceTree = "<group>";
		};
		A21EB1A22A32FE3900E449A1 /* PracticeApp */ = {
			isa = PBXGroup;
			children = (
				A21EB1A32A32FE3900E449A1 /* AppDelegate.swift */,
				A21EB1A52A32FE3900E449A1 /* SceneDelegate.swift */,
				A21EB1A72A32FE3900E449A1 /* ViewController.swift */,
				A21EB1A92A32FE3900E449A1 /* Main.storyboard */,
				A21EB1AC2A32FE3D00E449A1 /* Assets.xcassets */,
				A21EB1AE2A32FE3D00E449A1 /* LaunchScreen.storyboard */,
				A21EB1B12A32FE3D00E449A1 /* Info.plist */,
			);
			path = PracticeApp;
			sourceTree = "<group>";
		};
		A21EB1B92A32FE3D00E449A1 /* PracticeAppTests */ = {
			isa = PBXGroup;
			children = (
				A21EB1BA2A32FE3D00E449A1 /* PracticeAppTests.swift */,
			);
			path = PracticeAppTests;
			sourceTree = "<group>";
		};
		A21EB1C32A32FE3D00E449A1 /* PracticeAppUITests */ = {
			isa = PBXGroup;
			children = (
				A21EB1C42A32FE3D00E449A1 /* PracticeAppUITests.swift */,
				A21EB1C62A32FE3D00E449A1 /* PracticeAppUITestsLaunchTests.swift */,
			);
			path = PracticeAppUITests;
			sourceTree = "<group>";
		};
/* End PBXGroup section */

/* Begin PBXNativeTarget section */
		A21EB19F2A32FE3900E449A1 /* PracticeApp */ = {
			isa = PBXNativeTarget;
			buildConfigurationList = A21EB1CA2A32FE3D00E449A1 /* Build configuration list for PBXNativeTarget "PracticeApp" */;
			buildPhases = (
				A21EB19C2A32FE3900E449A1 /* Sources */,
				A21EB19D2A32FE3900E449A1 /* Frameworks */,
				A21EB19E2A32FE3900E449A1 /* Resources */,
			);
			buildRules = (
			);
			dependencies = (
			);
			name = PracticeApp;
			productName = PracticeApp;
			productReference = A21EB1A02A32FE3900E449A1 /* PracticeApp.app */;
			productType = "com.apple.product-type.application";
		};
		A21EB1B52A32FE3D00E449A1 /* PracticeAppTests */ = {
			isa = PBXNativeTarget;
			buildConfigurationList = A21EB1CD2A32FE3D00E449A1 /* Build configuration list for PBXNativeTarget "PracticeAppTests" */;
			buildPhases = (
				A21EB1B22A32FE3D00E449A1 /* Sources */,
				A21EB1B32A32FE3D00E449A1 /* Frameworks */,
				A21EB1B42A32FE3D00E449A1 /* Resources */,
			);
			buildRules = (
			);
			dependencies = (
				A21EB1B82A32FE3D00E449A1 /* PBXTargetDependency */,
			);
			name = PracticeAppTests;
			productName = PracticeAppTests;
			productReference = A21EB1B62A32FE3D00E449A1 /* PracticeAppTests.xctest */;
			productType = "com.apple.product-type.bundle.unit-test";
		};
		A21EB1BF2A32FE3D00E449A1 /* PracticeAppUITests */ = {
			isa = PBXNativeTarget;
			buildConfigurationList = A21EB1D02A32FE3D00E449A1 /* Build configuration list for PBXNativeTarget "PracticeAppUITests" */;
			buildPhases = (
				A21EB1BC2A32FE3D00E449A1 /* Sources */,
				A21EB1BD2A32FE3D00E449A1 /* Frameworks */,
				A21EB1BE2A32FE3D00E449A1 /* Resources */,
			);
			buildRules = (
			);
			dependencies = (
				A21EB1C22A32FE3D00E449A1 /* PBXTargetDependency */,
			);
			name = PracticeAppUITests;
			productName = PracticeAppUITests;
			productReference = A21EB1C02A32FE3D00E449A1 /* PracticeAppUITests.xctest */;
			productType = "com.apple.product-type.bundle.ui-testing";
		};
/* End PBXNativeTarget section */

/* Begin PBXProject section */
		A21EB1982A32FE3900E449A1 /* Project object */ = {
			isa = PBXProject;
			attributes = {
				BuildIndependentTargetsInParallel = 1;
				LastSwiftUpdateCheck = 1320;
				LastUpgradeCheck = 1320;
				TargetAttributes = {
					A21EB19F2A32FE3900E449A1 = {
						CreatedOnToolsVersion = 13.2.1;
					};
					A21EB1B52A32FE3D00E449A1 = {
						CreatedOnToolsVersion = 13.2.1;
						TestTargetID = A21EB19F2A32FE3900E449A1;
					};
					A21EB1BF2A32FE3D00E449A1 = {
						CreatedOnToolsVersion = 13.2.1;
						TestTargetID = A21EB19F2A32FE3900E449A1;
					};
				};
			};
			buildConfigurationList = A21EB19B2A32FE3900E449A1 /* Build configuration list for PBXProject "PracticeApp" */;
			compatibilityVersion = "Xcode 13.0";
			developmentRegion = en;
			hasScannedForEncodings = 0;
			knownRegions = (
				en,
				Base,
			);
			mainGroup = A21EB1972A32FE3900E449A1;
			productRefGroup = A21EB1A12A32FE3900E449A1 /* Products */;
			projectDirPath = "";
			projectRoot = "";
			targets = (
				A21EB19F2A32FE3900E449A1 /* PracticeApp */,
				A21EB1B52A32FE3D00E449A1 /* PracticeAppTests */,
				A21EB1BF2A32FE3D00E449A1 /* PracticeAppUITests */,
			);
		};
/* End PBXProject section */

/* Begin PBXResourcesBuildPhase section */
		A21EB19E2A32FE3900E449A1 /* Resources */ = {
			isa = PBXResourcesBuildPhase;
			buildActionMask = 2147483647;
			files = (
				A21EB1B02A32FE3D00E449A1 /* LaunchScreen.storyboard in Resources */,
				A21EB1AD2A32FE3D00E449A1 /* Assets.xcassets in Resources */,
				A21EB1AB2A32FE3900E449A1 /* Main.storyboard in Resources */,
			);
			runOnlyForDeploymentPostprocessing = 0;
		};
		A21EB1B42A32FE3D00E449A1 /* Resources */ = {
			isa = PBXResourcesBuildPhase;
			buildActionMask = 2147483647;
			files = (
			);
			runOnlyForDeploymentPostprocessing = 0;
		};
		A21EB1BE2A32FE3D00E449A1 /* Resources */ = {
			isa = PBXResourcesBuildPhase;
			buildActionMask = 2147483647;
			files = (
			);
			runOnlyForDeploymentPostprocessing = 0;
		};
/* End PBXResourcesBuildPhase section */

/* Begin PBXSourcesBuildPhase section */
		A21EB19C2A32FE3900E449A1 /* Sources */ = {
			isa = PBXSourcesBuildPhase;
			buildActionMask = 2147483647;
			files = (
				A21EB1A82A32FE3900E449A1 /* ViewController.swift in Sources */,
				A21EB1A42A32FE3900E449A1 /* AppDelegate.swift in Sources */,
				A21EB1A62A32FE3900E449A1 /* SceneDelegate.swift in Sources */,
			);
			runOnlyForDeploymentPostprocessing = 0;
		};
		A21EB1B22A32FE3D00E449A1 /* Sources */ = {
			isa = PBXSourcesBuildPhase;
			buildActionMask = 2147483647;
			files = (
				A21EB1BB2A32FE3D00E449A1 /* PracticeAppTests.swift in Sources */,
			);
			runOnlyForDeploymentPostprocessing = 0;
		};
		A21EB1BC2A32FE3D00E449A1 /* Sources */ = {
			isa = PBXSourcesBuildPhase;
			buildActionMask = 2147483647;
			files = (
				A21EB1C52A32FE3D00E449A1 /* PracticeAppUITests.swift in Sources */,
				A21EB1C72A32FE3D00E449A1 /* PracticeAppUITestsLaunchTests.swift in Sources */,
			);
			runOnlyForDeploymentPostprocessing = 0;
		};
/* End PBXSourcesBuildPhase section */

/* Begin PBXTargetDependency section */
		A21EB1B82A32FE3D00E449A1 /* PBXTargetDependency */ = {
			isa = PBXTargetDependency;
			target = A21EB19F2A32FE3900E449A1 /* PracticeApp */;
			targetProxy = A21EB1B72A32FE3D00E449A1 /* PBXContainerItemProxy */;
		};
		A21EB1C22A32FE3D00E449A1 /* PBXTargetDependency */ = {
			isa = PBXTargetDependency;
			target = A21EB19F2A32FE3900E449A1 /* PracticeApp */;
			targetProxy = A21EB1C12A32FE3D00E449A1 /* PBXContainerItemProxy */;
		};
/* End PBXTargetDependency section */

/* Begin PBXVariantGroup section */
		A21EB1A92A32FE3900E449A1 /* Main.storyboard */ = {
			isa = PBXVariantGroup;
			children = (
				A21EB1AA2A32FE3900E449A1 /* Base */,
			);
			name = Main.storyboard;
			sourceTree = "<group>";
		};
		A21EB1AE2A32FE3D00E449A1 /* LaunchScreen.storyboard */ = {
			isa = PBXVariantGroup;
			children = (
				A21EB1AF2A32FE3D00E449A1 /* Base */,
			);
			name = LaunchScreen.storyboard;
			sourceTree = "<group>";
		};
/* End PBXVariantGroup section */

/* Begin XCBuildConfiguration section */
		A21EB1C82A32FE3D00E449A1 /* Debug */ = {
			isa = XCBuildConfiguration;
			buildSettings = {
				ALWAYS_SEARCH_USER_PATHS = NO;
				CLANG_ANALYZER_NONNULL = YES;
				CLANG_ANALYZER_NUMBER_OBJECT_CONVERSION = YES_AGGRESSIVE;
				CLANG_CXX_LANGUAGE_STANDARD = "gnu++17";
				CLANG_CXX_LIBRARY = "libc++";
				CLANG_ENABLE_MODULES = YES;
				CLANG_ENABLE_OBJC_ARC = YES;
				CLANG_ENABLE_OBJC_WEAK = YES;
				CLANG_WARN_BLOCK_CAPTURE_AUTORELEASING = YES;
				CLANG_WARN_BOOL_CONVERSION = YES;
				CLANG_WARN_COMMA = YES;
				CLANG_WARN_CONSTANT_CONVERSION = YES;
				CLANG_WARN_DEPRECATED_OBJC_IMPLEMENTATIONS = YES;
				CLANG_WARN_DIRECT_OBJC_ISA_USAGE = YES_ERROR;
				CLANG_WARN_DOCUMENTATION_COMMENTS = YES;
				CLANG_WARN_EMPTY_BODY = YES;
				CLANG_WARN_ENUM_CONVERSION = YES;
				CLANG_WARN_INFINITE_RECURSION = YES;
				CLANG_WARN_INT_CONVERSION = YES;
				CLANG_WARN_NON_LITERAL_NULL_CONVERSION = YES;
				CLANG_WARN_OBJC_IMPLICIT_RETAIN_SELF = YES;
				CLANG_WARN_OBJC_LITERAL_CONVERSION = YES;
				CLANG_WARN_OBJC_ROOT_CLASS = YES_ERROR;
				CLANG_WARN_QUOTED_INCLUDE_IN_FRAMEWORK_HEADER = YES;
				CLANG_WARN_RANGE_LOOP_ANALYSIS = YES;
				CLANG_WARN_STRICT_PROTOTYPES = YES;
				CLANG_WARN_SUSPICIOUS_MOVE = YES;
				CLANG_WARN_UNGUARDED_AVAILABILITY = YES_AGGRESSIVE;
				CLANG_WARN_UNREACHABLE_CODE = YES;
				CLANG_WARN__DUPLICATE_METHOD_MATCH = YES;
				COPY_PHASE_STRIP = NO;
				DEBUG_INFORMATION_FORMAT = dwarf;
				ENABLE_STRICT_OBJC_MSGSEND = YES;
				ENABLE_TESTABILITY = YES;
				GCC_C_LANGUAGE_STANDARD = gnu11;
				GCC_DYNAMIC_NO_PIC = NO;
				GCC_NO_COMMON_BLOCKS = YES;
				GCC_OPTIMIZATION_LEVEL = 0;
				GCC_PREPROCESSOR_DEFINITIONS = (
					"DEBUG=1",
					"$(inherited)",
				);
				GCC_WARN_64_TO_32_BIT_CONVERSION = YES;
				GCC_WARN_ABOUT_RETURN_TYPE = YES_ERROR;
				GCC_WARN_UNDECLARED_SELECTOR = YES;
				GCC_WARN_UNINITIALIZED_AUTOS = YES_AGGRESSIVE;
				GCC_WARN_UNUSED_FUNCTION = YES;
				GCC_WARN_UNUSED_VARIABLE = YES;
				IPHONEOS_DEPLOYMENT_TARGET = 15.2;
				MTL_ENABLE_DEBUG_INFO = INCLUDE_SOURCE;
				MTL_FAST_MATH = YES;
				ONLY_ACTIVE_ARCH = YES;
				SDKROOT = iphoneos;
				SWIFT_ACTIVE_COMPILATION_CONDITIONS = DEBUG;
				SWIFT_OPTIMIZATION_LEVEL = "-Onone";
			};
			name = Debug;
		};
		A21EB1C92A32FE3D00E449A1 /* Release */ = {
			isa = XCBuildConfiguration;
			buildSettings = {
				ALWAYS_SEARCH_USER_PATHS = NO;
				CLANG_ANALYZER_NONNULL = YES;
				CLANG_ANALYZER_NUMBER_OBJECT_CONVERSION = YES_AGGRESSIVE;
				CLANG_CXX_LANGUAGE_STANDARD = "gnu++17";
				CLANG_CXX_LIBRARY = "libc++";
				CLANG_ENABLE_MODULES = YES;
				CLANG_ENABLE_OBJC_ARC = YES;
				CLANG_ENABLE_OBJC_WEAK = YES;
				CLANG_WARN_BLOCK_CAPTURE_AUTORELEASING = YES;
				CLANG_WARN_BOOL_CONVERSION = YES;
				CLANG_WARN_COMMA = YES;
				CLANG_WARN_CONSTANT_CONVERSION = YES;
				CLANG_WARN_DEPRECATED_OBJC_IMPLEMENTATIONS = YES;
				CLANG_WARN_DIRECT_OBJC_ISA_USAGE = YES_ERROR;
				CLANG_WARN_DOCUMENTATION_COMMENTS = YES;
				CLANG_WARN_EMPTY_BODY = YES;
				CLANG_WARN_ENUM_CONVERSION = YES;
				CLANG_WARN_INFINITE_RECURSION = YES;
				CLANG_WARN_INT_CONVERSION = YES;
				CLANG_WARN_NON_LITERAL_NULL_CONVERSION = YES;
				CLANG_WARN_OBJC_IMPLICIT_RETAIN_SELF = YES;
				CLANG_WARN_OBJC_LITERAL_CONVERSION = YES;
				CLANG_WARN_OBJC_ROOT_CLASS = YES_ERROR;
				CLANG_WARN_QUOTED_INCLUDE_IN_FRAMEWORK_HEADER = YES;
				CLANG_WARN_RANGE_LOOP_ANALYSIS = YES;
				CLANG_WARN_STRICT_PROTOTYPES = YES;
				CLANG_WARN_SUSPICIOUS_MOVE = YES;
				CLANG_WARN_UNGUARDED_AVAILABILITY = YES_AGGRESSIVE;
				CLANG_WARN_UNREACHABLE_CODE = YES;
				CLANG_WARN__DUPLICATE_METHOD_MATCH = YES;
				COPY_PHASE_STRIP = NO;
				DEBUG_INFORMATION_FORMAT = "dwarf-with-dsym";
				ENABLE_NS_ASSERTIONS = NO;
				ENABLE_STRICT_OBJC_MSGSEND = YES;
				GCC_C_LANGUAGE_STANDARD = gnu11;
				GCC_NO_COMMON_BLOCKS = YES;
				GCC_WARN_64_TO_32_BIT_CONVERSION = YES;
				GCC_WARN_ABOUT_RETURN_TYPE = YES_ERROR;
				GCC_WARN_UNDECLARED_SELECTOR = YES;
				GCC_WARN_UNINITIALIZED_AUTOS = YES_AGGRESSIVE;
				GCC_WARN_UNUSED_FUNCTION = YES;
				GCC_WARN_UNUSED_VARIABLE = YES;
				IPHONEOS_DEPLOYMENT_TARGET = 15.2;
				MTL_ENABLE_DEBUG_INFO = NO;
				MTL_FAST_MATH = YES;
				SDKROOT = iphoneos;
				SWIFT_COMPILATION_MODE = wholemodule;
				SWIFT_OPTIMIZATION_LEVEL = "-O";
				VALIDATE_PRODUCT = YES;
			};
			name = Release;
		};
		A21EB1CB2A32FE3D00E449A1 /* Debug */ = {
			isa = XCBuildConfiguration;
			buildSettings = {
				ASSETCATALOG_COMPILER_APPICON_NAME = AppIcon;
				ASSETCATALOG_COMPILER_GLOBAL_ACCENT_COLOR_NAME = AccentColor;
				CODE_SIGN_STYLE = Automatic;
				CURRENT_PROJECT_VERSION = 1;
				DEVELOPMENT_TEAM = 44STM5CATK;
				GENERATE_INFOPLIST_FILE = YES;
				INFOPLIST_FILE = PracticeApp/Info.plist;
				INFOPLIST_KEY_UIApplicationSupportsIndirectInputEvents = YES;
				INFOPLIST_KEY_UILaunchStoryboardName = LaunchScreen;
				INFOPLIST_KEY_UIMainStoryboardFile = Main;
				INFOPLIST_KEY_UISupportedInterfaceOrientations_iPad = "UIInterfaceOrientationPortrait UIInterfaceOrientationPortraitUpsideDown UIInterfaceOrientationLandscapeLeft UIInterfaceOrientationLandscapeRight";
				INFOPLIST_KEY_UISupportedInterfaceOrientations_iPhone = "UIInterfaceOrientationPortrait UIInterfaceOrientationLandscapeLeft UIInterfaceOrientationLandscapeRight";
				LD_RUNPATH_SEARCH_PATHS = (
					"$(inherited)",
					"@executable_path/Frameworks",
				);
				MARKETING_VERSION = 1.0;
				PRODUCT_BUNDLE_IDENTIFIER = com.salmalameri.PracticeApp;
				PRODUCT_NAME = "$(TARGET_NAME)";
				SWIFT_EMIT_LOC_STRINGS = YES;
				SWIFT_VERSION = 5.0;
				TARGETED_DEVICE_FAMILY = "1,2";
			};
			name = Debug;
		};
		A21EB1CC2A32FE3D00E449A1 /* Release */ = {
			isa = XCBuildConfiguration;
			buildSettings = {
				ASSETCATALOG_COMPILER_APPICON_NAME = AppIcon;
				ASSETCATALOG_COMPILER_GLOBAL_ACCENT_COLOR_NAME = AccentColor;
				CODE_SIGN_STYLE = Automatic;
				CURRENT_PROJECT_VERSION = 1;
				DEVELOPMENT_TEAM = 44STM5CATK;
				GENERATE_INFOPLIST_FILE = YES;
				INFOPLIST_FILE = PracticeApp/Info.plist;
				INFOPLIST_KEY_UIApplicationSupportsIndirectInputEvents = YES;
				INFOPLIST_KEY_UILaunchStoryboardName = LaunchScreen;
				INFOPLIST_KEY_UIMainStoryboardFile = Main;
				INFOPLIST_KEY_UISupportedInterfaceOrientations_iPad = "UIInterfaceOrientationPortrait UIInterfaceOrientationPortraitUpsideDown UIInterfaceOrientationLandscapeLeft UIInterfaceOrientationLandscapeRight";
				INFOPLIST_KEY_UISupportedInterfaceOrientations_iPhone = "UIInterfaceOrientationPortrait UIInterfaceOrientationLandscapeLeft UIInterfaceOrientationLandscapeRight";
				LD_RUNPATH_SEARCH_PATHS = (
					"$(inherited)",
					"@executable_path/Frameworks",
				);
				MARKETING_VERSION = 1.0;
				PRODUCT_BUNDLE_IDENTIFIER = com.salmalameri.PracticeApp;
				PRODUCT_NAME = "$(TARGET_NAME)";
				SWIFT_EMIT_LOC_STRINGS = YES;
				SWIFT_VERSION = 5.0;
				TARGETED_DEVICE_FAMILY = "1,2";
			};
			name = Release;
		};
		A21EB1CE2A32FE3D00E449A1 /* Debug */ = {
			isa = XCBuildConfiguration;
			buildSettings = {
				ALWAYS_EMBED_SWIFT_STANDARD_LIBRARIES = YES;
				BUNDLE_LOADER = "$(TEST_HOST)";
				CODE_SIGN_STYLE = Automatic;
				CURRENT_PROJECT_VERSION = 1;
				DEVELOPMENT_TEAM = 44STM5CATK;
				GENERATE_INFOPLIST_FILE = YES;
				IPHONEOS_DEPLOYMENT_TARGET = 15.2;
				MARKETING_VERSION = 1.0;
				PRODUCT_BUNDLE_IDENTIFIER = com.salmalameri.PracticeAppTests;
				PRODUCT_NAME = "$(TARGET_NAME)";
				SWIFT_EMIT_LOC_STRINGS = NO;
				SWIFT_VERSION = 5.0;
				TARGETED_DEVICE_FAMILY = "1,2";
				TEST_HOST = "$(BUILT_PRODUCTS_DIR)/PracticeApp.app/PracticeApp";
			};
			name = Debug;
		};
		A21EB1CF2A32FE3D00E449A1 /* Release */ = {
			isa = XCBuildConfiguration;
			buildSettings = {
				ALWAYS_EMBED_SWIFT_STANDARD_LIBRARIES = YES;
				BUNDLE_LOADER = "$(TEST_HOST)";
				CODE_SIGN_STYLE = Automatic;
				CURRENT_PROJECT_VERSION = 1;
				DEVELOPMENT_TEAM = 44STM5CATK;
				GENERATE_INFOPLIST_FILE = YES;
				IPHONEOS_DEPLOYMENT_TARGET = 15.2;
				MARKETING_VERSION = 1.0;
				PRODUCT_BUNDLE_IDENTIFIER = com.salmalameri.PracticeAppTests;
				PRODUCT_NAME = "$(TARGET_NAME)";
				SWIFT_EMIT_LOC_STRINGS = NO;
				SWIFT_VERSION = 5.0;
				TARGETED_DEVICE_FAMILY = "1,2";
				TEST_HOST = "$(BUILT_PRODUCTS_DIR)/PracticeApp.app/PracticeApp";
			};
			name = Release;
		};
		A21EB1D12A32FE3D00E449A1 /* Debug */ = {
			isa = XCBuildConfiguration;
			buildSettings = {
				ALWAYS_EMBED_SWIFT_STANDARD_LIBRARIES = YES;
				CODE_SIGN_STYLE = Automatic;
				CURRENT_PROJECT_VERSION = 1;
				DEVELOPMENT_TEAM = 44STM5CATK;
				GENERATE_INFOPLIST_FILE = YES;
				MARKETING_VERSION = 1.0;
				PRODUCT_BUNDLE_IDENTIFIER = com.salmalameri.PracticeAppUITests;
				PRODUCT_NAME = "$(TARGET_NAME)";
				SWIFT_EMIT_LOC_STRINGS = NO;
				SWIFT_VERSION = 5.0;
				TARGETED_DEVICE_FAMILY = "1,2";
				TEST_TARGET_NAME = PracticeApp;
			};
			name = Debug;
		};
		A21EB1D22A32FE3D00E449A1 /* Release */ = {
			isa = XCBuildConfiguration;
			buildSettings = {
				ALWAYS_EMBED_SWIFT_STANDARD_LIBRARIES = YES;
				CODE_SIGN_STYLE = Automatic;
				CURRENT_PROJECT_VERSION = 1;
				DEVELOPMENT_TEAM = 44STM5CATK;
				GENERATE_INFOPLIST_FILE = YES;
				MARKETING_VERSION = 1.0;
				PRODUCT_BUNDLE_IDENTIFIER = com.salmalameri.PracticeAppUITests;
				PRODUCT_NAME = "$(TARGET_NAME)";
				SWIFT_EMIT_LOC_STRINGS = NO;
				SWIFT_VERSION = 5.0;
				TARGETED_DEVICE_FAMILY = "1,2";
				TEST_TARGET_NAME = PracticeApp;
			};
			name = Release;
		};
/* End XCBuildConfiguration section */

/* Begin XCConfigurationList section */
		A21EB19B2A32FE3900E449A1 /* Build configuration list for PBXProject "PracticeApp" */ = {
			isa = XCConfigurationList;
			buildConfigurations = (
				A21EB1C82A32FE3D00E449A1 /* Debug */,
				A21EB1C92A32FE3D00E449A1 /* Release */,
			);
			defaultConfigurationIsVisible = 0;
			defaultConfigurationName = Release;
		};
		A21EB1CA2A32FE3D00E449A1 /* Build configuration list for PBXNativeTarget "PracticeApp" */ = {
			isa = XCConfigurationList;
			buildConfigurations = (
				A21EB1CB2A32FE3D00E449A1 /* Debug */,
				A21EB1CC2A32FE3D00E449A1 /* Release */,
			);
			defaultConfigurationIsVisible = 0;
			defaultConfigurationName = Release;
		};
		A21EB1CD2A32FE3D00E449A1 /* Build configuration list for PBXNativeTarget "PracticeAppTests" */ = {
			isa = XCConfigurationList;
			buildConfigurations = (
				A21EB1CE2A32FE3D00E449A1 /* Debug */,
				A21EB1CF2A32FE3D00E449A1 /* Release */,
			);
			defaultConfigurationIsVisible = 0;
			defaultConfigurationName = Release;
		};
		A21EB1D02A32FE3D00E449A1 /* Build configuration list for PBXNativeTarget "PracticeAppUITests" */ = {
			isa = XCConfigurationList;
			buildConfigurations = (
				A21EB1D12A32FE3D00E449A1 /* Debug */,
				A21EB1D22A32FE3D00E449A1 /* Release */,
			);
			defaultConfigurationIsVisible = 0;
			defaultConfigurationName = Release;
		};
/* End XCConfigurationList section */
	};
	rootObject = A21EB1982A32FE3900E449A1 /* Project object */;
}
